{
  "name": "the-stand",
  "lockfileVersion": 3,
  "requires": true,
  "packages": {
    "": {
      "name": "the-stand",
      "workspaces": [
        "apps/*",
        "packages/*"
      ]
    },
    "apps/web": {
      "name": "@the-stand/web",
      "version": "0.1.0"
    },
    "node_modules/@the-stand/shared": {
      "resolved": "packages/shared",
      "link": true
    },
    "node_modules/@the-stand/web": {
      "resolved": "apps/web",
      "link": true
    },
    "packages/shared": {
      "name": "@the-stand/shared",
      "version": "0.1.0"
    }
  }
}
